dependencies:
- alias: ""
  condition: ""
  enabled: false
  import-values: null
  name: mysql
  repository: https://kubernetes-charts.storage.googleapis.com/
  tags: null
  version: 0.2.8
digest: sha256:6e8f513265fab0bc9ee7f7eece68be01db0d0a9b319c541705bb6e528b65a33a
generated: 2017-08-21T16:51:10.67162133-07:00
