dependencies:
- alias: ""
  condition: ""
  enabled: false
  import-values: null
  name: mysql
  repository: https://kubernetes-charts.storage.googleapis.com/
  tags: null
  version: 0.2.6
digest: sha256:c32d5ba9aa7856fd6942480c324302d00dbaca717ca1ed46559f72f59090d321
generated: 2017-07-26T17:04:04.925978055-07:00
