dependencies:
- name: mariadb
  repository: https://ubc.github.io/charts
  version: 0.1.27
- name: reloader
  repository: https://stakater.github.io/stakater-charts
  version: 2.2.14
digest: sha256:8253fb7f62fed4a79a172fd95e865ca84701bd3f9a2cbaf888f9ac623b8e7c12
generated: "2026-07-09T17:27:18.006591-07:00"
